
Microsoft Visual Studio Solution File, Format Version 12.00
# Visual Studio Version 17
VisualStudioVersion = 17.0.31903.59
MinimumVisualStudioVersion = 10.0.40219.1
Project("{FAE04EC0-301F-11D3-BF4B-00C04F79EFBC}") = "GameStore", "GameStore\GameStore.csproj", "{082F37AE-85BA-4FC0-BFB3-2B606F99DBB0}"
EndProject
Global
	GlobalSection(SolutionConfigurationPlatforms) = preSolution
		Debug|Any CPU = Debug|Any CPU
		Release|Any CPU = Release|Any CPU
	EndGlobalSection
	GlobalSection(ProjectConfigurationPlatforms) = postSolution
		{082F37AE-85BA-4FC0-BFB3-2B606F99DBB0}.Debug|Any CPU.ActiveCfg = Debug|Any CPU
		{082F37AE-85BA-4FC0-BFB3-2B606F99DBB0}.Debug|Any CPU.Build.0 = Debug|Any CPU
		{082F37AE-85BA-4FC0-BFB3-2B606F99DBB0}.Release|Any CPU.ActiveCfg = Release|Any CPU
		{082F37AE-85BA-4FC0-BFB3-2B606F99DBB0}.Release|Any CPU.Build.0 = Release|Any CPU
	EndGlobalSection
	GlobalSection(SolutionProperties) = preSolution
		HideSolutionNode = FALSE
	EndGlobalSection
	GlobalSection(ExtensibilityGlobals) = postSolution
		SolutionGuid = {D1ED561C-A878-49DC-BBF5-B794745AB0EA}
	EndGlobalSection
EndGlobal
